
Microsoft Visual Studio Solution File, Format Version 12.00
# Visual Studio 15
VisualStudioVersion = 15.0.27924.0
MinimumVisualStudioVersion = 10.0.40219.1
Project("{FAE04EC0-301F-11D3-BF4B-00C04F79EFBC}") = "azurelab", "azurelab\azurelab.csproj", "{7188C701-985C-468E-BFE0-3A326B84EF3B}"
EndProject
Global
	GlobalSection(SolutionConfigurationPlatforms) = preSolution
		Debug|Any CPU = Debug|Any CPU
		Release|Any CPU = Release|Any CPU
	EndGlobalSection
	GlobalSection(ProjectConfigurationPlatforms) = postSolution
		{7188C701-985C-468E-BFE0-3A326B84EF3B}.Debug|Any CPU.ActiveCfg = Debug|Any CPU
		{7188C701-985C-468E-BFE0-3A326B84EF3B}.Debug|Any CPU.Build.0 = Debug|Any CPU
		{7188C701-985C-468E-BFE0-3A326B84EF3B}.Release|Any CPU.ActiveCfg = Release|Any CPU
		{7188C701-985C-468E-BFE0-3A326B84EF3B}.Release|Any CPU.Build.0 = Release|Any CPU
	EndGlobalSection
	GlobalSection(SolutionProperties) = preSolution
		HideSolutionNode = FALSE
	EndGlobalSection
	GlobalSection(ExtensibilityGlobals) = postSolution
		SolutionGuid = {5DC91F3D-8652-4704-8EBB-7FEDBAA071EC}
	EndGlobalSection
EndGlobal
